
Microsoft Visual Studio Solution File, Format Version 12.00
# Visual Studio Version 17
VisualStudioVersion = 17.0.31903.59
MinimumVisualStudioVersion = 10.0.40219.1
Project("{2150E333-8FDC-42A3-9474-1A3956D46DE8}") = "src", "src", "{742A2B85-E56F-46D5-A920-9C6F43C360DC}"
EndProject
Project("{F2A71F9B-5D33-465A-A702-920D77279786}") = "Avalonia.Mvu", "src\Avalonia.Mvu\Avalonia.Mvu.fsproj", "{2777A376-6F86-498C-8CD1-8345D81EDE9E}"
EndProject
Project("{2150E333-8FDC-42A3-9474-1A3956D46DE8}") = "samples", "samples", "{80E5F0AA-DEEF-4AF7-B2AE-4C48873B4CC3}"
EndProject
Project("{F2A71F9B-5D33-465A-A702-920D77279786}") = "FSharp", "src\samples\FSharp\FSharp.fsproj", "{21B808A0-A381-4F00-9956-9A73A3D2AEE1}"
EndProject
Project("{FAE04EC0-301F-11D3-BF4B-00C04F79EFBC}") = "CSharp", "src\samples\CSharp\CSharp.csproj", "{2A043FCF-F500-40DD-AAE5-984D6E8A1DE0}"
EndProject
Global
	GlobalSection(SolutionConfigurationPlatforms) = preSolution
		Debug|Any CPU = Debug|Any CPU
		Release|Any CPU = Release|Any CPU
	EndGlobalSection
	GlobalSection(SolutionProperties) = preSolution
		HideSolutionNode = FALSE
	EndGlobalSection
	GlobalSection(ProjectConfigurationPlatforms) = postSolution
		{2777A376-6F86-498C-8CD1-8345D81EDE9E}.Debug|Any CPU.ActiveCfg = Debug|Any CPU
		{2777A376-6F86-498C-8CD1-8345D81EDE9E}.Debug|Any CPU.Build.0 = Debug|Any CPU
		{2777A376-6F86-498C-8CD1-8345D81EDE9E}.Release|Any CPU.ActiveCfg = Release|Any CPU
		{2777A376-6F86-498C-8CD1-8345D81EDE9E}.Release|Any CPU.Build.0 = Release|Any CPU
		{21B808A0-A381-4F00-9956-9A73A3D2AEE1}.Debug|Any CPU.ActiveCfg = Debug|Any CPU
		{21B808A0-A381-4F00-9956-9A73A3D2AEE1}.Debug|Any CPU.Build.0 = Debug|Any CPU
		{21B808A0-A381-4F00-9956-9A73A3D2AEE1}.Release|Any CPU.ActiveCfg = Release|Any CPU
		{21B808A0-A381-4F00-9956-9A73A3D2AEE1}.Release|Any CPU.Build.0 = Release|Any CPU
		{2A043FCF-F500-40DD-AAE5-984D6E8A1DE0}.Debug|Any CPU.ActiveCfg = Debug|Any CPU
		{2A043FCF-F500-40DD-AAE5-984D6E8A1DE0}.Debug|Any CPU.Build.0 = Debug|Any CPU
		{2A043FCF-F500-40DD-AAE5-984D6E8A1DE0}.Release|Any CPU.ActiveCfg = Release|Any CPU
		{2A043FCF-F500-40DD-AAE5-984D6E8A1DE0}.Release|Any CPU.Build.0 = Release|Any CPU
	EndGlobalSection
	GlobalSection(NestedProjects) = preSolution
		{2777A376-6F86-498C-8CD1-8345D81EDE9E} = {742A2B85-E56F-46D5-A920-9C6F43C360DC}
		{80E5F0AA-DEEF-4AF7-B2AE-4C48873B4CC3} = {742A2B85-E56F-46D5-A920-9C6F43C360DC}
		{21B808A0-A381-4F00-9956-9A73A3D2AEE1} = {80E5F0AA-DEEF-4AF7-B2AE-4C48873B4CC3}
		{2A043FCF-F500-40DD-AAE5-984D6E8A1DE0} = {80E5F0AA-DEEF-4AF7-B2AE-4C48873B4CC3}
	EndGlobalSection
EndGlobal
